
Microsoft Visual Studio Solution File, Format Version 12.00
# Visual Studio Version 17
VisualStudioVersion = 17.9.34701.34
MinimumVisualStudioVersion = 10.0.40219.1
Project("{FAE04EC0-301F-11D3-BF4B-00C04F79EFBC}") = "AplicacionTicket", "AplicacionTicket\AplicacionTicket.csproj", "{19C7C8CD-9EDD-4F5C-A419-5CF03B7BEDCC}"
EndProject
Global
	GlobalSection(SolutionConfigurationPlatforms) = preSolution
		Debug|Any CPU = Debug|Any CPU
		Release|Any CPU = Release|Any CPU
	EndGlobalSection
	GlobalSection(ProjectConfigurationPlatforms) = postSolution
		{19C7C8CD-9EDD-4F5C-A419-5CF03B7BEDCC}.Debug|Any CPU.ActiveCfg = Debug|Any CPU
		{19C7C8CD-9EDD-4F5C-A419-5CF03B7BEDCC}.Debug|Any CPU.Build.0 = Debug|Any CPU
		{19C7C8CD-9EDD-4F5C-A419-5CF03B7BEDCC}.Release|Any CPU.ActiveCfg = Release|Any CPU
		{19C7C8CD-9EDD-4F5C-A419-5CF03B7BEDCC}.Release|Any CPU.Build.0 = Release|Any CPU
	EndGlobalSection
	GlobalSection(SolutionProperties) = preSolution
		HideSolutionNode = FALSE
	EndGlobalSection
	GlobalSection(ExtensibilityGlobals) = postSolution
		SolutionGuid = {BDC29D17-84A9-4B26-B2C3-CD3607A7E926}
	EndGlobalSection
EndGlobal
